[satellite-plugin-sdk]
tag = "v0.1.0"
commit = "fdad28ed091b69ca199af1a35f88f2de5c15974b"
wrap_url = "https://github.com/HotDryNoodle/satellite-plugin-sdk.git"
wrap_revision = "fdad28ed091b69ca199af1a35f88f2de5c15974b"
schema_version = "1.0"
version = "0.1.0"

[task-manager]
tag = "v0.1.0"
commit = "5b960c34c2d6c7942130e2f40eb696da17c34e69"

[plugins.mission-planer]
tag = "v0.1.0"
commit = "c64ec6ddb331e919ec07a21c4c53a483f5f4a4d1"

[plugins.image-preprocess]
tag = "v0.1.0"
commit = "6a4452a71f771a2a4f2307a5267f74f9615be477"

[third_party.nlohmann_json]
version = "3.12.0"
wrap_hash = "b8cb0ef2dd7f57f18933997c9934bb1fa962594f701cd5a8d3c2c80541559372"
